// !$*UTF8*$!
{
	archiveVersion = 1;
	classes = {
	};
	objectVersion = 46;
	objects = {

/* Begin PBXBuildFile section */
		343469611A78E9AB0076A43C /* main.m in Sources */ = {isa = PBXBuildFile; fileRef = 343469601A78E9AB0076A43C /* main.m */; };
		343469641A78E9AB0076A43C /* AppDelegate.m in Sources */ = {isa = PBXBuildFile; fileRef = 343469631A78E9AB0076A43C /* AppDelegate.m */; };
		343469671A78E9AB0076A43C /* ViewController.m in Sources */ = {isa = PBXBuildFile; fileRef = 343469661A78E9AB0076A43C /* ViewController.m */; };
		3434696A1A78E9AB0076A43C /* Main.storyboard in Resources */ = {isa = PBXBuildFile; fileRef = 343469681A78E9AB0076A43C /* Main.storyboard */; };
		3434696C1A78E9AB0076A43C /* Images.xcassets in Resources */ = {isa = PBXBuildFile; fileRef = 3434696B1A78E9AB0076A43C /* Images.xcassets */; };
		3434696F1A78E9AB0076A43C /* LaunchScreen.xib in Resources */ = {isa = PBXBuildFile; fileRef = 3434696D1A78E9AB0076A43C /* LaunchScreen.xib */; };
		3434697B1A78E9AB0076A43C /* HybridDynamicProjectTests.m in Sources */ = {isa = PBXBuildFile; fileRef = 3434697A1A78E9AB0076A43C /* HybridDynamicProjectTests.m */; };
/* End PBXBuildFile section */

/* Begin PBXContainerItemProxy section */
		343469751A78E9AB0076A43C /* PBXContainerItemProxy */ = {
			isa = PBXContainerItemProxy;
			containerPortal = 343469531A78E9AB0076A43C /* Project object */;
			proxyType = 1;
			remoteGlobalIDString = 3434695A1A78E9AB0076A43C;
			remoteInfo = HybridDynamicProject;
		};
/* End PBXContainerItemProxy section */

/* Begin PBXFileReference section */
		3434695B1A78E9AB0076A43C /* HybridDynamicProject.app */ = {isa = PBXFileReference; explicitFileType = wrapper.application; includeInIndex = 0; path = HybridDynamicProject.app; sourceTree = BUILT_PRODUCTS_DIR; };
		3434695F1A78E9AB0076A43C /* Info.plist */ = {isa = PBXFileReference; lastKnownFileType = text.plist.xml; path = Info.plist; sourceTree = "<group>"; };
		343469601A78E9AB0076A43C /* main.m */ = {isa = PBXFileReference; lastKnownFileType = sourcecode.c.objc; path = main.m; sourceTree = "<group>"; };
		343469621A78E9AB0076A43C /* AppDelegate.h */ = {isa = PBXFileReference; lastKnownFileType = sourcecode.c.h; path = AppDelegate.h; sourceTree = "<group>"; };
		343469631A78E9AB0076A43C /* AppDelegate.m */ = {isa = PBXFileReference; lastKnownFileType = sourcecode.c.objc; path = AppDelegate.m; sourceTree = "<group>"; };
		343469651A78E9AB0076A43C /* ViewController.h */ = {isa = PBXFileReference; lastKnownFileType = sourcecode.c.h; path = ViewController.h; sourceTree = "<group>"; };
		343469661A78E9AB0076A43C /* ViewController.m */ = {isa = PBXFileReference; lastKnownFileType = sourcecode.c.objc; path = ViewController.m; sourceTree = "<group>"; };
		343469691A78E9AB0076A43C /* Base */ = {isa = PBXFileReference; lastKnownFileType = file.storyboard; name = Base; path = Base.lproj/Main.storyboard; sourceTree = "<group>"; };
		3434696B1A78E9AB0076A43C /* Images.xcassets */ = {isa = PBXFileReference; lastKnownFileType = folder.assetcatalog; path = Images.xcassets; sourceTree = "<group>"; };
		3434696E1A78E9AB0076A43C /* Base */ = {isa = PBXFileReference; lastKnownFileType = file.xib; name = Base; path = Base.lproj/LaunchScreen.xib; sourceTree = "<group>"; };
		343469741A78E9AB0076A43C /* HybridDynamicProjectTests.xctest */ = {isa = PBXFileReference; explicitFileType = wrapper.cfbundle; includeInIndex = 0; path = HybridDynamicProjectTests.xctest; sourceTree = BUILT_PRODUCTS_DIR; };
		343469791A78E9AB0076A43C /* Info.plist */ = {isa = PBXFileReference; lastKnownFileType = text.plist.xml; path = Info.plist; sourceTree = "<group>"; };
		3434697A1A78E9AB0076A43C /* HybridDynamicProjectTests.m */ = {isa = PBXFileReference; lastKnownFileType = sourcecode.c.objc; path = HybridDynamicProjectTests.m; sourceTree = "<group>"; };
/* End PBXFileReference section */

/* Begin PBXFrameworksBuildPhase section */
		343469581A78E9AB0076A43C /* Frameworks */ = {
			isa = PBXFrameworksBuildPhase;
			buildActionMask = 2147483647;
			files = (
			);
			runOnlyForDeploymentPostprocessing = 0;
		};
		343469711A78E9AB0076A43C /* Frameworks */ = {
			isa = PBXFrameworksBuildPhase;
			buildActionMask = 2147483647;
			files = (
			);
			runOnlyForDeploymentPostprocessing = 0;
		};
/* End PBXFrameworksBuildPhase section */

/* Begin PBXGroup section */
		343469521A78E9AB0076A43C = {
			isa = PBXGroup;
			children = (
				3434695D1A78E9AB0076A43C /* HybridDynamicProject */,
				343469771A78E9AB0076A43C /* HybridDynamicProjectTests */,
				3434695C1A78E9AB0076A43C /* Products */,
			);
			sourceTree = "<group>";
		};
		3434695C1A78E9AB0076A43C /* Products */ = {
			isa = PBXGroup;
			children = (
				3434695B1A78E9AB0076A43C /* HybridDynamicProject.app */,
				343469741A78E9AB0076A43C /* HybridDynamicProjectTests.xctest */,
			);
			name = Products;
			sourceTree = "<group>";
		};
		3434695D1A78E9AB0076A43C /* HybridDynamicProject */ = {
			isa = PBXGroup;
			children = (
				343469621A78E9AB0076A43C /* AppDelegate.h */,
				343469631A78E9AB0076A43C /* AppDelegate.m */,
				343469651A78E9AB0076A43C /* ViewController.h */,
				343469661A78E9AB0076A43C /* ViewController.m */,
				343469681A78E9AB0076A43C /* Main.storyboard */,
				3434696B1A78E9AB0076A43C /* Images.xcassets */,
				3434696D1A78E9AB0076A43C /* LaunchScreen.xib */,
				3434695E1A78E9AB0076A43C /* Supporting Files */,
			);
			path = HybridDynamicProject;
			sourceTree = "<group>";
		};
		3434695E1A78E9AB0076A43C /* Supporting Files */ = {
			isa = PBXGroup;
			children = (
				3434695F1A78E9AB0076A43C /* Info.plist */,
				343469601A78E9AB0076A43C /* main.m */,
			);
			name = "Supporting Files";
			sourceTree = "<group>";
		};
		343469771A78E9AB0076A43C /* HybridDynamicProjectTests */ = {
			isa = PBXGroup;
			children = (
				3434697A1A78E9AB0076A43C /* HybridDynamicProjectTests.m */,
				343469781A78E9AB0076A43C /* Supporting Files */,
			);
			path = HybridDynamicProjectTests;
			sourceTree = "<group>";
		};
		343469781A78E9AB0076A43C /* Supporting Files */ = {
			isa = PBXGroup;
			children = (
				343469791A78E9AB0076A43C /* Info.plist */,
			);
			name = "Supporting Files";
			sourceTree = "<group>";
		};
/* End PBXGroup section */

/* Begin PBXNativeTarget section */
		3434695A1A78E9AB0076A43C /* HybridDynamicProject */ = {
			isa = PBXNativeTarget;
			buildConfigurationList = 3434697E1A78E9AB0076A43C /* Build configuration list for PBXNativeTarget "HybridDynamicProject" */;
			buildPhases = (
				343469571A78E9AB0076A43C /* Sources */,
				343469581A78E9AB0076A43C /* Frameworks */,
				343469591A78E9AB0076A43C /* Resources */,
			);
			buildRules = (
			);
			dependencies = (
			);
			name = HybridDynamicProject;
			productName = HybridDynamicProject;
			productReference = 3434695B1A78E9AB0076A43C /* HybridDynamicProject.app */;
			productType = "com.apple.product-type.application";
		};
		343469731A78E9AB0076A43C /* HybridDynamicProjectTests */ = {
			isa = PBXNativeTarget;
			buildConfigurationList = 343469811A78E9AB0076A43C /* Build configuration list for PBXNativeTarget "HybridDynamicProjectTests" */;
			buildPhases = (
				343469701A78E9AB0076A43C /* Sources */,
				343469711A78E9AB0076A43C /* Frameworks */,
				343469721A78E9AB0076A43C /* Resources */,
			);
			buildRules = (
			);
			dependencies = (
				343469761A78E9AB0076A43C /* PBXTargetDependency */,
			);
			name = HybridDynamicProjectTests;
			productName = HybridDynamicProjectTests;
			productReference = 343469741A78E9AB0076A43C /* HybridDynamicProjectTests.xctest */;
			productType = "com.apple.product-type.bundle.unit-test";
		};
/* End PBXNativeTarget section */

/* Begin PBXProject section */
		343469531A78E9AB0076A43C /* Project object */ = {
			isa = PBXProject;
			attributes = {
				LastUpgradeCheck = 0610;
				ORGANIZATIONNAME = "Mohamed Mansour";
				TargetAttributes = {
					3434695A1A78E9AB0076A43C = {
						CreatedOnToolsVersion = 6.1.1;
					};
					343469731A78E9AB0076A43C = {
						CreatedOnToolsVersion = 6.1.1;
						TestTargetID = 3434695A1A78E9AB0076A43C;
					};
				};
			};
			buildConfigurationList = 343469561A78E9AB0076A43C /* Build configuration list for PBXProject "HybridDynamicProject" */;
			compatibilityVersion = "Xcode 3.2";
			developmentRegion = English;
			hasScannedForEncodings = 0;
			knownRegions = (
				en,
				Base,
			);
			mainGroup = 343469521A78E9AB0076A43C;
			productRefGroup = 3434695C1A78E9AB0076A43C /* Products */;
			projectDirPath = "";
			projectRoot = "";
			targets = (
				3434695A1A78E9AB0076A43C /* HybridDynamicProject */,
				343469731A78E9AB0076A43C /* HybridDynamicProjectTests */,
			);
		};
/* End PBXProject section */

/* Begin PBXResourcesBuildPhase section */
		343469591A78E9AB0076A43C /* Resources */ = {
			isa = PBXResourcesBuildPhase;
			buildActionMask = 2147483647;
			files = (
				3434696A1A78E9AB0076A43C /* Main.storyboard in Resources */,
				3434696F1A78E9AB0076A43C /* LaunchScreen.xib in Resources */,
				3434696C1A78E9AB0076A43C /* Images.xcassets in Resources */,
			);
			runOnlyForDeploymentPostprocessing = 0;
		};
		343469721A78E9AB0076A43C /* Resources */ = {
			isa = PBXResourcesBuildPhase;
			buildActionMask = 2147483647;
			files = (
			);
			runOnlyForDeploymentPostprocessing = 0;
		};
/* End PBXResourcesBuildPhase section */

/* Begin PBXSourcesBuildPhase section */
		343469571A78E9AB0076A43C /* Sources */ = {
			isa = PBXSourcesBuildPhase;
			buildActionMask = 2147483647;
			files = (
				343469671A78E9AB0076A43C /* ViewController.m in Sources */,
				343469641A78E9AB0076A43C /* AppDelegate.m in Sources */,
				343469611A78E9AB0076A43C /* main.m in Sources */,
			);
			runOnlyForDeploymentPostprocessing = 0;
		};
		343469701A78E9AB0076A43C /* Sources */ = {
			isa = PBXSourcesBuildPhase;
			buildActionMask = 2147483647;
			files = (
				3434697B1A78E9AB0076A43C /* HybridDynamicProjectTests.m in Sources */,
			);
			runOnlyForDeploymentPostprocessing = 0;
		};
/* End PBXSourcesBuildPhase section */

/* Begin PBXTargetDependency section */
		343469761A78E9AB0076A43C /* PBXTargetDependency */ = {
			isa = PBXTargetDependency;
			target = 3434695A1A78E9AB0076A43C /* HybridDynamicProject */;
			targetProxy = 343469751A78E9AB0076A43C /* PBXContainerItemProxy */;
		};
/* End PBXTargetDependency section */

/* Begin PBXVariantGroup section */
		343469681A78E9AB0076A43C /* Main.storyboard */ = {
			isa = PBXVariantGroup;
			children = (
				343469691A78E9AB0076A43C /* Base */,
			);
			name = Main.storyboard;
			sourceTree = "<group>";
		};
		3434696D1A78E9AB0076A43C /* LaunchScreen.xib */ = {
			isa = PBXVariantGroup;
			children = (
				3434696E1A78E9AB0076A43C /* Base */,
			);
			name = LaunchScreen.xib;
			sourceTree = "<group>";
		};
/* End PBXVariantGroup section */

/* Begin XCBuildConfiguration section */
		3434697C1A78E9AB0076A43C /* Debug */ = {
			isa = XCBuildConfiguration;
			buildSettings = {
				ALWAYS_SEARCH_USER_PATHS = NO;
				CLANG_CXX_LANGUAGE_STANDARD = "gnu++0x";
				CLANG_CXX_LIBRARY = "libc++";
				CLANG_ENABLE_MODULES = YES;
				CLANG_ENABLE_OBJC_ARC = YES;
				CLANG_WARN_BOOL_CONVERSION = YES;
				CLANG_WARN_CONSTANT_CONVERSION = YES;
				CLANG_WARN_DIRECT_OBJC_ISA_USAGE = YES_ERROR;
				CLANG_WARN_EMPTY_BODY = YES;
				CLANG_WARN_ENUM_CONVERSION = YES;
				CLANG_WARN_INT_CONVERSION = YES;
				CLANG_WARN_OBJC_ROOT_CLASS = YES_ERROR;
				CLANG_WARN_UNREACHABLE_CODE = YES;
				CLANG_WARN__DUPLICATE_METHOD_MATCH = YES;
				"CODE_SIGN_IDENTITY[sdk=iphoneos*]" = "iPhone Developer";
				COPY_PHASE_STRIP = NO;
				ENABLE_STRICT_OBJC_MSGSEND = YES;
				GCC_C_LANGUAGE_STANDARD = gnu99;
				GCC_DYNAMIC_NO_PIC = NO;
				GCC_OPTIMIZATION_LEVEL = 0;
				GCC_PREPROCESSOR_DEFINITIONS = (
					"DEBUG=1",
					"$(inherited)",
				);
				GCC_SYMBOLS_PRIVATE_EXTERN = NO;
				GCC_WARN_64_TO_32_BIT_CONVERSION = YES;
				GCC_WARN_ABOUT_RETURN_TYPE = YES_ERROR;
				GCC_WARN_UNDECLARED_SELECTOR = YES;
				GCC_WARN_UNINITIALIZED_AUTOS = YES_AGGRESSIVE;
				GCC_WARN_UNUSED_FUNCTION = YES;
				GCC_WARN_UNUSED_VARIABLE = YES;
				IPHONEOS_DEPLOYMENT_TARGET = 8.1;
				MTL_ENABLE_DEBUG_INFO = YES;
				ONLY_ACTIVE_ARCH = YES;
				SDKROOT = iphoneos;
				TARGETED_DEVICE_FAMILY = "1,2";
			};
			name = Debug;
		};
		3434697D1A78E9AB0076A43C /* Release */ = {
			isa = XCBuildConfiguration;
			buildSettings = {
				ALWAYS_SEARCH_USER_PATHS = NO;
				CLANG_CXX_LANGUAGE_STANDARD = "gnu++0x";
				CLANG_CXX_LIBRARY = "libc++";
				CLANG_ENABLE_MODULES = YES;
				CLANG_ENABLE_OBJC_ARC = YES;
				CLANG_WARN_BOOL_CONVERSION = YES;
				CLANG_WARN_CONSTANT_CONVERSION = YES;
				CLANG_WARN_DIRECT_OBJC_ISA_USAGE = YES_ERROR;
				CLANG_WARN_EMPTY_BODY = YES;
				CLANG_WARN_ENUM_CONVERSION = YES;
				CLANG_WARN_INT_CONVERSION = YES;
				CLANG_WARN_OBJC_ROOT_CLASS = YES_ERROR;
				CLANG_WARN_UNREACHABLE_CODE = YES;
				CLANG_WARN__DUPLICATE_METHOD_MATCH = YES;
				"CODE_SIGN_IDENTITY[sdk=iphoneos*]" = "iPhone Developer";
				COPY_PHASE_STRIP = YES;
				ENABLE_NS_ASSERTIONS = NO;
				ENABLE_STRICT_OBJC_MSGSEND = YES;
				GCC_C_LANGUAGE_STANDARD = gnu99;
				GCC_WARN_64_TO_32_BIT_CONVERSION = YES;
				GCC_WARN_ABOUT_RETURN_TYPE = YES_ERROR;
				GCC_WARN_UNDECLARED_SELECTOR = YES;
				GCC_WARN_UNINITIALIZED_AUTOS = YES_AGGRESSIVE;
				GCC_WARN_UNUSED_FUNCTION = YES;
				GCC_WARN_UNUSED_VARIABLE = YES;
				IPHONEOS_DEPLOYMENT_TARGET = 8.1;
				MTL_ENABLE_DEBUG_INFO = NO;
				SDKROOT = iphoneos;
				TARGETED_DEVICE_FAMILY = "1,2";
				VALIDATE_PRODUCT = YES;
			};
			name = Release;
		};
		3434697F1A78E9AB0076A43C /* Debug */ = {
			isa = XCBuildConfiguration;
			buildSettings = {
				ASSETCATALOG_COMPILER_APPICON_NAME = AppIcon;
				INFOPLIST_FILE = HybridDynamicProject/Info.plist;
				LD_RUNPATH_SEARCH_PATHS = "$(inherited) @executable_path/Frameworks";
				PRODUCT_NAME = "$(TARGET_NAME)";
			};
			name = Debug;
		};
		343469801A78E9AB0076A43C /* Release */ = {
			isa = XCBuildConfiguration;
			buildSettings = {
				ASSETCATALOG_COMPILER_APPICON_NAME = AppIcon;
				INFOPLIST_FILE = HybridDynamicProject/Info.plist;
				LD_RUNPATH_SEARCH_PATHS = "$(inherited) @executable_path/Frameworks";
				PRODUCT_NAME = "$(TARGET_NAME)";
			};
			name = Release;
		};
		343469821A78E9AB0076A43C /* Debug */ = {
			isa = XCBuildConfiguration;
			buildSettings = {
				BUNDLE_LOADER = "$(TEST_HOST)";
				FRAMEWORK_SEARCH_PATHS = (
					"$(SDKROOT)/Developer/Library/Frameworks",
					"$(inherited)",
				);
				GCC_PREPROCESSOR_DEFINITIONS = (
					"DEBUG=1",
					"$(inherited)",
				);
				INFOPLIST_FILE = HybridDynamicProjectTests/Info.plist;
				LD_RUNPATH_SEARCH_PATHS = "$(inherited) @executable_path/Frameworks @loader_path/Frameworks";
				PRODUCT_NAME = "$(TARGET_NAME)";
				TEST_HOST = "$(BUILT_PRODUCTS_DIR)/HybridDynamicProject.app/HybridDynamicProject";
			};
			name = Debug;
		};
		343469831A78E9AB0076A43C /* Release */ = {
			isa = XCBuildConfiguration;
			buildSettings = {
				BUNDLE_LOADER = "$(TEST_HOST)";
				FRAMEWORK_SEARCH_PATHS = (
					"$(SDKROOT)/Developer/Library/Frameworks",
					"$(inherited)",
				);
				INFOPLIST_FILE = HybridDynamicProjectTests/Info.plist;
				LD_RUNPATH_SEARCH_PATHS = "$(inherited) @executable_path/Frameworks @loader_path/Frameworks";
				PRODUCT_NAME = "$(TARGET_NAME)";
				TEST_HOST = "$(BUILT_PRODUCTS_DIR)/HybridDynamicProject.app/HybridDynamicProject";
			};
			name = Release;
		};
/* End XCBuildConfiguration section */

/* Begin XCConfigurationList section */
		343469561A78E9AB0076A43C /* Build configuration list for PBXProject "HybridDynamicProject" */ = {
			isa = XCConfigurationList;
			buildConfigurations = (
				3434697C1A78E9AB0076A43C /* Debug */,
				3434697D1A78E9AB0076A43C /* Release */,
			);
			defaultConfigurationIsVisible = 0;
			defaultConfigurationName = Release;
		};
		3434697E1A78E9AB0076A43C /* Build configuration list for PBXNativeTarget "HybridDynamicProject" */ = {
			isa = XCConfigurationList;
			buildConfigurations = (
				3434697F1A78E9AB0076A43C /* Debug */,
				343469801A78E9AB0076A43C /* Release */,
			);
			defaultConfigurationIsVisible = 0;
		};
		343469811A78E9AB0076A43C /* Build configuration list for PBXNativeTarget "HybridDynamicProjectTests" */ = {
			isa = XCConfigurationList;
			buildConfigurations = (
				343469821A78E9AB0076A43C /* Debug */,
				343469831A78E9AB0076A43C /* Release */,
			);
			defaultConfigurationIsVisible = 0;
		};
/* End XCConfigurationList section */
	};
	rootObject = 343469531A78E9AB0076A43C /* Project object */;
}
